
Microsoft Visual Studio Solution File, Format Version 12.00
# Visual Studio 15
VisualStudioVersion = 15.0.26403.3
MinimumVisualStudioVersion = 10.0.40219.1
Project("{FAE04EC0-301F-11D3-BF4B-00C04F79EFBC}") = "DataAccess", "DataAccess\DataAccess.csproj", "{AD9C7113-2254-45FE-8C33-38293056AEBF}"
EndProject
Project("{2150E333-8FDC-42A3-9474-1A3956D46DE8}") = "Frameworks", "Frameworks", "{4B4489D8-904F-4330-9D4E-93042CDF2381}"
EndProject
Project("{FAE04EC0-301F-11D3-BF4B-00C04F79EFBC}") = "Repository.Pattern", "Frameworks\Repository.Pattern\Repository.Pattern.csproj", "{6E682A14-C872-4813-B620-76E108DEA683}"
EndProject
Project("{FAE04EC0-301F-11D3-BF4B-00C04F79EFBC}") = "Repository.Pattern.Ef6", "Frameworks\Repository.Pattern.Ef6\Repository.Pattern.Ef6.csproj", "{F68A1D19-93FB-47C1-A22B-42BEA3E4FD8C}"
EndProject
Project("{FAE04EC0-301F-11D3-BF4B-00C04F79EFBC}") = "Service.Pattern", "Frameworks\Service.Pattern\Service.Pattern.csproj", "{86F86650-EE3C-4372-8FEC-40C2FE015022}"
EndProject
Project("{2150E333-8FDC-42A3-9474-1A3956D46DE8}") = "Generators", "Generators", "{A41B19E2-522E-460B-BBCD-60A4271A62C3}"
EndProject
Project("{FAE04EC0-301F-11D3-BF4B-00C04F79EFBC}") = "RzDbCodeGen", "Frameworks\Generators\rzdb-code-gen\RzDbCodeGen.csproj", "{0BFED356-882D-4069-A421-990668509F58}"
EndProject
Project("{2150E333-8FDC-42A3-9474-1A3956D46DE8}") = "DataServices", "DataServices", "{CBECD420-83E5-4229-8B99-8D70280B74DC}"
EndProject
Project("{FAE04EC0-301F-11D3-BF4B-00C04F79EFBC}") = "Respositories", "Respositories\Respositories.csproj", "{8BD0477A-69AB-4964-94BC-49C8A442D254}"
EndProject
Project("{FAE04EC0-301F-11D3-BF4B-00C04F79EFBC}") = "Services", "Services\Services.csproj", "{E5178B64-1E58-4688-9DC8-E22F481684B1}"
EndProject
Project("{FAE04EC0-301F-11D3-BF4B-00C04F79EFBC}") = "WebAPI", "WebAPI\WebAPI.csproj", "{19651701-01A2-4603-82D7-978BC3292A7D}"
EndProject
Project("{2150E333-8FDC-42A3-9474-1A3956D46DE8}") = "Tests", "Tests", "{2B74A29B-B885-4C58-93AA-7A727F16B14D}"
EndProject
Project("{FAE04EC0-301F-11D3-BF4B-00C04F79EFBC}") = "Tests", "Tests\Tests.csproj", "{96324856-9CC4-4F62-BBF7-B0760EE02CB3}"
EndProject
Global
	GlobalSection(SolutionConfigurationPlatforms) = preSolution
		Debug|Any CPU = Debug|Any CPU
		Debug|x86 = Debug|x86
		Release|Any CPU = Release|Any CPU
		Release|x86 = Release|x86
	EndGlobalSection
	GlobalSection(ProjectConfigurationPlatforms) = postSolution
		{AD9C7113-2254-45FE-8C33-38293056AEBF}.Debug|Any CPU.ActiveCfg = Debug|Any CPU
		{AD9C7113-2254-45FE-8C33-38293056AEBF}.Debug|Any CPU.Build.0 = Debug|Any CPU
		{AD9C7113-2254-45FE-8C33-38293056AEBF}.Debug|x86.ActiveCfg = Debug|Any CPU
		{AD9C7113-2254-45FE-8C33-38293056AEBF}.Debug|x86.Build.0 = Debug|Any CPU
		{AD9C7113-2254-45FE-8C33-38293056AEBF}.Release|Any CPU.ActiveCfg = Release|Any CPU
		{AD9C7113-2254-45FE-8C33-38293056AEBF}.Release|Any CPU.Build.0 = Release|Any CPU
		{AD9C7113-2254-45FE-8C33-38293056AEBF}.Release|x86.ActiveCfg = Release|Any CPU
		{AD9C7113-2254-45FE-8C33-38293056AEBF}.Release|x86.Build.0 = Release|Any CPU
		{6E682A14-C872-4813-B620-76E108DEA683}.Debug|Any CPU.ActiveCfg = Debug|Any CPU
		{6E682A14-C872-4813-B620-76E108DEA683}.Debug|Any CPU.Build.0 = Debug|Any CPU
		{6E682A14-C872-4813-B620-76E108DEA683}.Debug|x86.ActiveCfg = Debug|x86
		{6E682A14-C872-4813-B620-76E108DEA683}.Debug|x86.Build.0 = Debug|x86
		{6E682A14-C872-4813-B620-76E108DEA683}.Release|Any CPU.ActiveCfg = Release|Any CPU
		{6E682A14-C872-4813-B620-76E108DEA683}.Release|Any CPU.Build.0 = Release|Any CPU
		{6E682A14-C872-4813-B620-76E108DEA683}.Release|x86.ActiveCfg = Release|x86
		{6E682A14-C872-4813-B620-76E108DEA683}.Release|x86.Build.0 = Release|x86
		{F68A1D19-93FB-47C1-A22B-42BEA3E4FD8C}.Debug|Any CPU.ActiveCfg = Debug|Any CPU
		{F68A1D19-93FB-47C1-A22B-42BEA3E4FD8C}.Debug|Any CPU.Build.0 = Debug|Any CPU
		{F68A1D19-93FB-47C1-A22B-42BEA3E4FD8C}.Debug|x86.ActiveCfg = Debug|Any CPU
		{F68A1D19-93FB-47C1-A22B-42BEA3E4FD8C}.Debug|x86.Build.0 = Debug|Any CPU
		{F68A1D19-93FB-47C1-A22B-42BEA3E4FD8C}.Release|Any CPU.ActiveCfg = Release|Any CPU
		{F68A1D19-93FB-47C1-A22B-42BEA3E4FD8C}.Release|Any CPU.Build.0 = Release|Any CPU
		{F68A1D19-93FB-47C1-A22B-42BEA3E4FD8C}.Release|x86.ActiveCfg = Release|Any CPU
		{F68A1D19-93FB-47C1-A22B-42BEA3E4FD8C}.Release|x86.Build.0 = Release|Any CPU
		{86F86650-EE3C-4372-8FEC-40C2FE015022}.Debug|Any CPU.ActiveCfg = Debug|Any CPU
		{86F86650-EE3C-4372-8FEC-40C2FE015022}.Debug|Any CPU.Build.0 = Debug|Any CPU
		{86F86650-EE3C-4372-8FEC-40C2FE015022}.Debug|x86.ActiveCfg = Debug|Any CPU
		{86F86650-EE3C-4372-8FEC-40C2FE015022}.Debug|x86.Build.0 = Debug|Any CPU
		{86F86650-EE3C-4372-8FEC-40C2FE015022}.Release|Any CPU.ActiveCfg = Release|Any CPU
		{86F86650-EE3C-4372-8FEC-40C2FE015022}.Release|Any CPU.Build.0 = Release|Any CPU
		{86F86650-EE3C-4372-8FEC-40C2FE015022}.Release|x86.ActiveCfg = Release|Any CPU
		{86F86650-EE3C-4372-8FEC-40C2FE015022}.Release|x86.Build.0 = Release|Any CPU
		{0BFED356-882D-4069-A421-990668509F58}.Debug|Any CPU.ActiveCfg = Debug|Any CPU
		{0BFED356-882D-4069-A421-990668509F58}.Debug|Any CPU.Build.0 = Debug|Any CPU
		{0BFED356-882D-4069-A421-990668509F58}.Debug|x86.ActiveCfg = Debug|Any CPU
		{0BFED356-882D-4069-A421-990668509F58}.Debug|x86.Build.0 = Debug|Any CPU
		{0BFED356-882D-4069-A421-990668509F58}.Release|Any CPU.ActiveCfg = Release|Any CPU
		{0BFED356-882D-4069-A421-990668509F58}.Release|Any CPU.Build.0 = Release|Any CPU
		{0BFED356-882D-4069-A421-990668509F58}.Release|x86.ActiveCfg = Release|Any CPU
		{0BFED356-882D-4069-A421-990668509F58}.Release|x86.Build.0 = Release|Any CPU
		{8BD0477A-69AB-4964-94BC-49C8A442D254}.Debug|Any CPU.ActiveCfg = Debug|Any CPU
		{8BD0477A-69AB-4964-94BC-49C8A442D254}.Debug|Any CPU.Build.0 = Debug|Any CPU
		{8BD0477A-69AB-4964-94BC-49C8A442D254}.Debug|x86.ActiveCfg = Debug|Any CPU
		{8BD0477A-69AB-4964-94BC-49C8A442D254}.Debug|x86.Build.0 = Debug|Any CPU
		{8BD0477A-69AB-4964-94BC-49C8A442D254}.Release|Any CPU.ActiveCfg = Release|Any CPU
		{8BD0477A-69AB-4964-94BC-49C8A442D254}.Release|Any CPU.Build.0 = Release|Any CPU
		{8BD0477A-69AB-4964-94BC-49C8A442D254}.Release|x86.ActiveCfg = Release|Any CPU
		{8BD0477A-69AB-4964-94BC-49C8A442D254}.Release|x86.Build.0 = Release|Any CPU
		{E5178B64-1E58-4688-9DC8-E22F481684B1}.Debug|Any CPU.ActiveCfg = Debug|Any CPU
		{E5178B64-1E58-4688-9DC8-E22F481684B1}.Debug|Any CPU.Build.0 = Debug|Any CPU
		{E5178B64-1E58-4688-9DC8-E22F481684B1}.Debug|x86.ActiveCfg = Debug|Any CPU
		{E5178B64-1E58-4688-9DC8-E22F481684B1}.Debug|x86.Build.0 = Debug|Any CPU
		{E5178B64-1E58-4688-9DC8-E22F481684B1}.Release|Any CPU.ActiveCfg = Release|Any CPU
		{E5178B64-1E58-4688-9DC8-E22F481684B1}.Release|Any CPU.Build.0 = Release|Any CPU
		{E5178B64-1E58-4688-9DC8-E22F481684B1}.Release|x86.ActiveCfg = Release|Any CPU
		{E5178B64-1E58-4688-9DC8-E22F481684B1}.Release|x86.Build.0 = Release|Any CPU
		{19651701-01A2-4603-82D7-978BC3292A7D}.Debug|Any CPU.ActiveCfg = Debug|Any CPU
		{19651701-01A2-4603-82D7-978BC3292A7D}.Debug|Any CPU.Build.0 = Debug|Any CPU
		{19651701-01A2-4603-82D7-978BC3292A7D}.Debug|x86.ActiveCfg = Debug|Any CPU
		{19651701-01A2-4603-82D7-978BC3292A7D}.Debug|x86.Build.0 = Debug|Any CPU
		{19651701-01A2-4603-82D7-978BC3292A7D}.Release|Any CPU.ActiveCfg = Release|Any CPU
		{19651701-01A2-4603-82D7-978BC3292A7D}.Release|Any CPU.Build.0 = Release|Any CPU
		{19651701-01A2-4603-82D7-978BC3292A7D}.Release|x86.ActiveCfg = Release|Any CPU
		{19651701-01A2-4603-82D7-978BC3292A7D}.Release|x86.Build.0 = Release|Any CPU
		{96324856-9CC4-4F62-BBF7-B0760EE02CB3}.Debug|Any CPU.ActiveCfg = Debug|Any CPU
		{96324856-9CC4-4F62-BBF7-B0760EE02CB3}.Debug|Any CPU.Build.0 = Debug|Any CPU
		{96324856-9CC4-4F62-BBF7-B0760EE02CB3}.Debug|x86.ActiveCfg = Debug|Any CPU
		{96324856-9CC4-4F62-BBF7-B0760EE02CB3}.Debug|x86.Build.0 = Debug|Any CPU
		{96324856-9CC4-4F62-BBF7-B0760EE02CB3}.Release|Any CPU.ActiveCfg = Release|Any CPU
		{96324856-9CC4-4F62-BBF7-B0760EE02CB3}.Release|Any CPU.Build.0 = Release|Any CPU
		{96324856-9CC4-4F62-BBF7-B0760EE02CB3}.Release|x86.ActiveCfg = Release|Any CPU
		{96324856-9CC4-4F62-BBF7-B0760EE02CB3}.Release|x86.Build.0 = Release|Any CPU
	EndGlobalSection
	GlobalSection(SolutionProperties) = preSolution
		HideSolutionNode = FALSE
	EndGlobalSection
	GlobalSection(NestedProjects) = preSolution
		{AD9C7113-2254-45FE-8C33-38293056AEBF} = {CBECD420-83E5-4229-8B99-8D70280B74DC}
		{6E682A14-C872-4813-B620-76E108DEA683} = {4B4489D8-904F-4330-9D4E-93042CDF2381}
		{F68A1D19-93FB-47C1-A22B-42BEA3E4FD8C} = {4B4489D8-904F-4330-9D4E-93042CDF2381}
		{86F86650-EE3C-4372-8FEC-40C2FE015022} = {4B4489D8-904F-4330-9D4E-93042CDF2381}
		{0BFED356-882D-4069-A421-990668509F58} = {A41B19E2-522E-460B-BBCD-60A4271A62C3}
		{8BD0477A-69AB-4964-94BC-49C8A442D254} = {CBECD420-83E5-4229-8B99-8D70280B74DC}
		{E5178B64-1E58-4688-9DC8-E22F481684B1} = {CBECD420-83E5-4229-8B99-8D70280B74DC}
		{96324856-9CC4-4F62-BBF7-B0760EE02CB3} = {2B74A29B-B885-4C58-93AA-7A727F16B14D}
	EndGlobalSection
EndGlobal
